
Microsoft Visual Studio Solution File, Format Version 11.00
# Visual Studio 2010
Project("{FAE04EC0-301F-11D3-BF4B-00C04F79EFBC}") = "ServiceStack.Text.WP", "ServiceStack.Text.WP.csproj", "{0F6EB1D6-D49D-4D55-8F63-500666DA2E49}"
EndProject
Global
	GlobalSection(SolutionConfigurationPlatforms) = preSolution
		Debug|Any CPU = Debug|Any CPU
		Debug|Mixed Platforms = Debug|Mixed Platforms
		Debug|Xbox 360 = Debug|Xbox 360
		Release|Any CPU = Release|Any CPU
		Release|Mixed Platforms = Release|Mixed Platforms
		Release|Xbox 360 = Release|Xbox 360
	EndGlobalSection
	GlobalSection(ProjectConfigurationPlatforms) = postSolution
		{0F6EB1D6-D49D-4D55-8F63-500666DA2E49}.Debug|Any CPU.ActiveCfg = Debug|Any CPU
		{0F6EB1D6-D49D-4D55-8F63-500666DA2E49}.Debug|Any CPU.Build.0 = Debug|Any CPU
		{0F6EB1D6-D49D-4D55-8F63-500666DA2E49}.Debug|Mixed Platforms.ActiveCfg = Debug|Any CPU
		{0F6EB1D6-D49D-4D55-8F63-500666DA2E49}.Debug|Mixed Platforms.Build.0 = Debug|Any CPU
		{0F6EB1D6-D49D-4D55-8F63-500666DA2E49}.Debug|Xbox 360.ActiveCfg = Debug|Any CPU
		{0F6EB1D6-D49D-4D55-8F63-500666DA2E49}.Release|Any CPU.ActiveCfg = Release|Any CPU
		{0F6EB1D6-D49D-4D55-8F63-500666DA2E49}.Release|Any CPU.Build.0 = Release|Any CPU
		{0F6EB1D6-D49D-4D55-8F63-500666DA2E49}.Release|Mixed Platforms.ActiveCfg = Release|Any CPU
		{0F6EB1D6-D49D-4D55-8F63-500666DA2E49}.Release|Mixed Platforms.Build.0 = Release|Any CPU
		{0F6EB1D6-D49D-4D55-8F63-500666DA2E49}.Release|Xbox 360.ActiveCfg = Release|Any CPU
	EndGlobalSection
	GlobalSection(SolutionProperties) = preSolution
		HideSolutionNode = FALSE
	EndGlobalSection
EndGlobal
