
Microsoft Visual Studio Solution File, Format Version 11.00
# Visual Studio 2010
Project("{FAE04EC0-301F-11D3-BF4B-00C04F79EFBC}") = "ServiceStack.Text.Net40", "ServiceStack.Text.Net40.csproj", "{15BF26C8-92F8-445D-8FFC-7882A519B67D}"
EndProject
Project("{FAE04EC0-301F-11D3-BF4B-00C04F79EFBC}") = "ServiceStack.Text.Net40.Tests", "..\..\tests\ServiceStack.Text.Net40.Tests\ServiceStack.Text.Net40.Tests.csproj", "{BAE532C7-F01D-4ADC-A0A9-A104F4C2F3BD}"
EndProject
Global
	GlobalSection(SolutionConfigurationPlatforms) = preSolution
		Debug|Any CPU = Debug|Any CPU
		Release|Any CPU = Release|Any CPU
	EndGlobalSection
	GlobalSection(ProjectConfigurationPlatforms) = postSolution
		{15BF26C8-92F8-445D-8FFC-7882A519B67D}.Debug|Any CPU.ActiveCfg = Debug|Any CPU
		{15BF26C8-92F8-445D-8FFC-7882A519B67D}.Debug|Any CPU.Build.0 = Debug|Any CPU
		{15BF26C8-92F8-445D-8FFC-7882A519B67D}.Release|Any CPU.ActiveCfg = Release|Any CPU
		{15BF26C8-92F8-445D-8FFC-7882A519B67D}.Release|Any CPU.Build.0 = Release|Any CPU
		{BAE532C7-F01D-4ADC-A0A9-A104F4C2F3BD}.Debug|Any CPU.ActiveCfg = Debug|Any CPU
		{BAE532C7-F01D-4ADC-A0A9-A104F4C2F3BD}.Debug|Any CPU.Build.0 = Debug|Any CPU
		{BAE532C7-F01D-4ADC-A0A9-A104F4C2F3BD}.Release|Any CPU.ActiveCfg = Release|Any CPU
		{BAE532C7-F01D-4ADC-A0A9-A104F4C2F3BD}.Release|Any CPU.Build.0 = Release|Any CPU
	EndGlobalSection
	GlobalSection(SolutionProperties) = preSolution
		HideSolutionNode = FALSE
	EndGlobalSection
EndGlobal
