
Microsoft Visual Studio Solution File, Format Version 11.00
# Visual Studio 2010
Project("{FAE04EC0-301F-11D3-BF4B-00C04F79EFBC}") = "ServiceStack.Text.MonoTouch", "ServiceStack.Text.MonoTouch\ServiceStack.Text.MonoTouch.csproj", "{1137B5AC-2259-413C-A473-93721D2A7551}"
EndProject
Project("{FAE04EC0-301F-11D3-BF4B-00C04F79EFBC}") = "ServiceStack.Text.Tests.MonoTouch", "..\..\tests\ServiceStack.Text.Tests.MonoTouch\ServiceStack.Text.Tests.MonoTouch.csproj", "{C7844556-6217-4D62-868F-9FF8968401BA}"
EndProject
Global
	GlobalSection(SolutionConfigurationPlatforms) = preSolution
		Debug|Any CPU = Debug|Any CPU
		Release|Any CPU = Release|Any CPU
		Debug|iPhoneSimulator = Debug|iPhoneSimulator
		Release|iPhoneSimulator = Release|iPhoneSimulator
		Debug|iPhone = Debug|iPhone
		Release|iPhone = Release|iPhone
		Ad-Hoc|iPhone = Ad-Hoc|iPhone
		AppStore|iPhone = AppStore|iPhone
	EndGlobalSection
	GlobalSection(ProjectConfigurationPlatforms) = postSolution
		{1137B5AC-2259-413C-A473-93721D2A7551}.Ad-Hoc|iPhone.ActiveCfg = Debug|Any CPU
		{1137B5AC-2259-413C-A473-93721D2A7551}.Ad-Hoc|iPhone.Build.0 = Debug|Any CPU
		{1137B5AC-2259-413C-A473-93721D2A7551}.AppStore|iPhone.ActiveCfg = Debug|Any CPU
		{1137B5AC-2259-413C-A473-93721D2A7551}.AppStore|iPhone.Build.0 = Debug|Any CPU
		{1137B5AC-2259-413C-A473-93721D2A7551}.Debug|Any CPU.ActiveCfg = Debug|Any CPU
		{1137B5AC-2259-413C-A473-93721D2A7551}.Debug|Any CPU.Build.0 = Debug|Any CPU
		{1137B5AC-2259-413C-A473-93721D2A7551}.Debug|iPhone.ActiveCfg = Debug|Any CPU
		{1137B5AC-2259-413C-A473-93721D2A7551}.Debug|iPhone.Build.0 = Debug|Any CPU
		{1137B5AC-2259-413C-A473-93721D2A7551}.Debug|iPhoneSimulator.ActiveCfg = Debug|Any CPU
		{1137B5AC-2259-413C-A473-93721D2A7551}.Debug|iPhoneSimulator.Build.0 = Debug|Any CPU
		{1137B5AC-2259-413C-A473-93721D2A7551}.Release|Any CPU.ActiveCfg = Release|Any CPU
		{1137B5AC-2259-413C-A473-93721D2A7551}.Release|Any CPU.Build.0 = Release|Any CPU
		{1137B5AC-2259-413C-A473-93721D2A7551}.Release|iPhone.ActiveCfg = Release|Any CPU
		{1137B5AC-2259-413C-A473-93721D2A7551}.Release|iPhone.Build.0 = Release|Any CPU
		{1137B5AC-2259-413C-A473-93721D2A7551}.Release|iPhoneSimulator.ActiveCfg = Release|Any CPU
		{1137B5AC-2259-413C-A473-93721D2A7551}.Release|iPhoneSimulator.Build.0 = Release|Any CPU
		{C7844556-6217-4D62-868F-9FF8968401BA}.Ad-Hoc|iPhone.ActiveCfg = Ad-Hoc|iPhone
		{C7844556-6217-4D62-868F-9FF8968401BA}.Ad-Hoc|iPhone.Build.0 = Ad-Hoc|iPhone
		{C7844556-6217-4D62-868F-9FF8968401BA}.AppStore|iPhone.ActiveCfg = AppStore|iPhone
		{C7844556-6217-4D62-868F-9FF8968401BA}.AppStore|iPhone.Build.0 = AppStore|iPhone
		{C7844556-6217-4D62-868F-9FF8968401BA}.Debug|Any CPU.ActiveCfg = Debug|iPhoneSimulator
		{C7844556-6217-4D62-868F-9FF8968401BA}.Debug|Any CPU.Build.0 = Debug|iPhoneSimulator
		{C7844556-6217-4D62-868F-9FF8968401BA}.Debug|iPhone.ActiveCfg = Debug|iPhone
		{C7844556-6217-4D62-868F-9FF8968401BA}.Debug|iPhone.Build.0 = Debug|iPhone
		{C7844556-6217-4D62-868F-9FF8968401BA}.Debug|iPhoneSimulator.ActiveCfg = Debug|iPhoneSimulator
		{C7844556-6217-4D62-868F-9FF8968401BA}.Debug|iPhoneSimulator.Build.0 = Debug|iPhoneSimulator
		{C7844556-6217-4D62-868F-9FF8968401BA}.Release|Any CPU.ActiveCfg = Release|iPhoneSimulator
		{C7844556-6217-4D62-868F-9FF8968401BA}.Release|Any CPU.Build.0 = Release|iPhoneSimulator
		{C7844556-6217-4D62-868F-9FF8968401BA}.Release|iPhone.ActiveCfg = Release|iPhone
		{C7844556-6217-4D62-868F-9FF8968401BA}.Release|iPhone.Build.0 = Release|iPhone
		{C7844556-6217-4D62-868F-9FF8968401BA}.Release|iPhoneSimulator.ActiveCfg = Release|iPhoneSimulator
		{C7844556-6217-4D62-868F-9FF8968401BA}.Release|iPhoneSimulator.Build.0 = Release|iPhoneSimulator
	EndGlobalSection
	GlobalSection(MonoDevelopProperties) = preSolution
		StartupItem = ..\..\tests\ServiceStack.Text.Tests.MonoTouch\ServiceStack.Text.Tests.MonoTouch.csproj
	EndGlobalSection
	GlobalSection(SolutionProperties) = preSolution
		HideSolutionNode = FALSE
	EndGlobalSection
EndGlobal
