
Microsoft Visual Studio Solution File, Format Version 12.00
# Visual Studio 2012
Project("{FAE04EC0-301F-11D3-BF4B-00C04F79EFBC}") = "ServiceStack.Text.SL5", "ServiceStack.Text\ServiceStack.Text.SL5.csproj", "{3D4C3068-78B4-4012-A5F2-5104E01ACB8A}"
EndProject
Project("{FAE04EC0-301F-11D3-BF4B-00C04F79EFBC}") = "ServiceStack.Text.SL5.Tests", "..\tests\ServiceStack.Text.SL5.Tests\ServiceStack.Text.SL5.Tests.csproj", "{227ABF79-D20A-4655-870D-3BBE10894A99}"
EndProject
Global
	GlobalSection(SolutionConfigurationPlatforms) = preSolution
		Debug|Any CPU = Debug|Any CPU
		Release|Any CPU = Release|Any CPU
	EndGlobalSection
	GlobalSection(ProjectConfigurationPlatforms) = postSolution
		{3D4C3068-78B4-4012-A5F2-5104E01ACB8A}.Debug|Any CPU.ActiveCfg = Debug|Any CPU
		{3D4C3068-78B4-4012-A5F2-5104E01ACB8A}.Debug|Any CPU.Build.0 = Debug|Any CPU
		{3D4C3068-78B4-4012-A5F2-5104E01ACB8A}.Release|Any CPU.ActiveCfg = Release|Any CPU
		{3D4C3068-78B4-4012-A5F2-5104E01ACB8A}.Release|Any CPU.Build.0 = Release|Any CPU
		{227ABF79-D20A-4655-870D-3BBE10894A99}.Debug|Any CPU.ActiveCfg = Debug|Any CPU
		{227ABF79-D20A-4655-870D-3BBE10894A99}.Debug|Any CPU.Build.0 = Debug|Any CPU
		{227ABF79-D20A-4655-870D-3BBE10894A99}.Release|Any CPU.ActiveCfg = Release|Any CPU
		{227ABF79-D20A-4655-870D-3BBE10894A99}.Release|Any CPU.Build.0 = Release|Any CPU
	EndGlobalSection
	GlobalSection(SolutionProperties) = preSolution
		HideSolutionNode = FALSE
	EndGlobalSection
EndGlobal
