
Microsoft Visual Studio Solution File, Format Version 11.00
# Visual Studio 2010
Project("{2150E333-8FDC-42A3-9474-1A3956D46DE8}") = "Build", "Build", "{F7FB50ED-EAFF-4839-935A-5BB4A4158245}"
	ProjectSection(SolutionItems) = preProject
		..\build\build.bat = ..\build\build.bat
		..\build\NuGetPack.cmd = ..\build\NuGetPack.cmd
		..\NuGet\servicestack.text.nuspec = ..\NuGet\servicestack.text.nuspec
	EndProjectSection
EndProject
Project("{FAE04EC0-301F-11D3-BF4B-00C04F79EFBC}") = "ServiceStack.Text", "ServiceStack.Text\ServiceStack.Text.csproj", "{579B3FDB-CDAD-44E1-8417-885C38E49A0E}"
EndProject
Project("{FAE04EC0-301F-11D3-BF4B-00C04F79EFBC}") = "ServiceStack.Text.Tests", "..\tests\ServiceStack.Text.Tests\ServiceStack.Text.Tests.csproj", "{9770BD40-AA3B-4785-B5E0-F4C470F9F14E}"
EndProject
Global
	GlobalSection(SolutionConfigurationPlatforms) = preSolution
		Debug|Any CPU = Debug|Any CPU
		Debug|Mixed Platforms = Debug|Mixed Platforms
		Debug|Xbox 360 = Debug|Xbox 360
		MonoTouch|Any CPU = MonoTouch|Any CPU
		MonoTouch|Mixed Platforms = MonoTouch|Mixed Platforms
		MonoTouch|Xbox 360 = MonoTouch|Xbox 360
		Release|Any CPU = Release|Any CPU
		Release|Mixed Platforms = Release|Mixed Platforms
		Release|Xbox 360 = Release|Xbox 360
	EndGlobalSection
	GlobalSection(ProjectConfigurationPlatforms) = postSolution
		{579B3FDB-CDAD-44E1-8417-885C38E49A0E}.Debug|Any CPU.ActiveCfg = Debug|Any CPU
		{579B3FDB-CDAD-44E1-8417-885C38E49A0E}.Debug|Any CPU.Build.0 = Debug|Any CPU
		{579B3FDB-CDAD-44E1-8417-885C38E49A0E}.Debug|Mixed Platforms.ActiveCfg = Debug|Any CPU
		{579B3FDB-CDAD-44E1-8417-885C38E49A0E}.Debug|Mixed Platforms.Build.0 = Debug|Any CPU
		{579B3FDB-CDAD-44E1-8417-885C38E49A0E}.Debug|Xbox 360.ActiveCfg = Debug|Any CPU
		{579B3FDB-CDAD-44E1-8417-885C38E49A0E}.MonoTouch|Any CPU.ActiveCfg = MonoTouch|Any CPU
		{579B3FDB-CDAD-44E1-8417-885C38E49A0E}.MonoTouch|Any CPU.Build.0 = MonoTouch|Any CPU
		{579B3FDB-CDAD-44E1-8417-885C38E49A0E}.MonoTouch|Mixed Platforms.ActiveCfg = MonoTouch|Any CPU
		{579B3FDB-CDAD-44E1-8417-885C38E49A0E}.MonoTouch|Mixed Platforms.Build.0 = MonoTouch|Any CPU
		{579B3FDB-CDAD-44E1-8417-885C38E49A0E}.MonoTouch|Xbox 360.ActiveCfg = MonoTouch|Any CPU
		{579B3FDB-CDAD-44E1-8417-885C38E49A0E}.Release|Any CPU.ActiveCfg = Release|Any CPU
		{579B3FDB-CDAD-44E1-8417-885C38E49A0E}.Release|Any CPU.Build.0 = Release|Any CPU
		{579B3FDB-CDAD-44E1-8417-885C38E49A0E}.Release|Mixed Platforms.ActiveCfg = Release|Any CPU
		{579B3FDB-CDAD-44E1-8417-885C38E49A0E}.Release|Mixed Platforms.Build.0 = Release|Any CPU
		{579B3FDB-CDAD-44E1-8417-885C38E49A0E}.Release|Xbox 360.ActiveCfg = Release|Any CPU
		{9770BD40-AA3B-4785-B5E0-F4C470F9F14E}.Debug|Any CPU.ActiveCfg = Debug|Any CPU
		{9770BD40-AA3B-4785-B5E0-F4C470F9F14E}.Debug|Any CPU.Build.0 = Debug|Any CPU
		{9770BD40-AA3B-4785-B5E0-F4C470F9F14E}.Debug|Mixed Platforms.ActiveCfg = Debug|Any CPU
		{9770BD40-AA3B-4785-B5E0-F4C470F9F14E}.Debug|Mixed Platforms.Build.0 = Debug|Any CPU
		{9770BD40-AA3B-4785-B5E0-F4C470F9F14E}.Debug|Xbox 360.ActiveCfg = Debug|Any CPU
		{9770BD40-AA3B-4785-B5E0-F4C470F9F14E}.MonoTouch|Any CPU.ActiveCfg = MonoTouch|Any CPU
		{9770BD40-AA3B-4785-B5E0-F4C470F9F14E}.MonoTouch|Any CPU.Build.0 = MonoTouch|Any CPU
		{9770BD40-AA3B-4785-B5E0-F4C470F9F14E}.MonoTouch|Mixed Platforms.ActiveCfg = MonoTouch|Any CPU
		{9770BD40-AA3B-4785-B5E0-F4C470F9F14E}.MonoTouch|Mixed Platforms.Build.0 = MonoTouch|Any CPU
		{9770BD40-AA3B-4785-B5E0-F4C470F9F14E}.MonoTouch|Xbox 360.ActiveCfg = MonoTouch|Any CPU
		{9770BD40-AA3B-4785-B5E0-F4C470F9F14E}.Release|Any CPU.ActiveCfg = Release|Any CPU
		{9770BD40-AA3B-4785-B5E0-F4C470F9F14E}.Release|Any CPU.Build.0 = Release|Any CPU
		{9770BD40-AA3B-4785-B5E0-F4C470F9F14E}.Release|Mixed Platforms.ActiveCfg = Release|Any CPU
		{9770BD40-AA3B-4785-B5E0-F4C470F9F14E}.Release|Mixed Platforms.Build.0 = Release|Any CPU
		{9770BD40-AA3B-4785-B5E0-F4C470F9F14E}.Release|Xbox 360.ActiveCfg = Release|Any CPU
	EndGlobalSection
	GlobalSection(SolutionProperties) = preSolution
		HideSolutionNode = FALSE
	EndGlobalSection
	GlobalSection(MonoDevelopProperties) = preSolution
		StartupItem = ServiceStack.Text\ServiceStack.Text.csproj
		Policies = $0
		$0.DotNetNamingPolicy = $1
		$1.DirectoryNamespaceAssociation = None
		$1.ResourceNamePolicy = FileFormatDefault
		$0.StandardHeader = $2
		$2.Text = 
		$2.IncludeInNewFiles = True
	EndGlobalSection
EndGlobal
