Microsoft Visual Studio Solution File, Format Version 12.00
# Visual Studio 15
VisualStudioVersion = 15.0.26403.0
MinimumVisualStudioVersion = 10.0.40219.1
Project("{2150E333-8FDC-42A3-9474-1A3956D46DE8}") = "build", "build", "{F7FB50ED-EAFF-4839-935A-5BB4A4158245}"
	ProjectSection(SolutionItems) = preProject
		..\build\appsettings.license.txt = ..\build\appsettings.license.txt
		..\build\build-core.sh = ..\build\build-core.sh
		..\build\build-sn.proj = ..\build\build-sn.proj
		..\build\build.bat = ..\build\build.bat
		..\build\build.proj = ..\build\build.proj
		..\build\build.tasks = ..\build\build.tasks
		..\build\copy-pcl.bat = ..\build\copy-pcl.bat
		..\build\copy.bat = ..\build\copy.bat
		..\README.md = ..\README.md
		..\NuGet.Core\ServiceStack.Text.Core\servicestack.text.core.nuspec = ..\NuGet.Core\ServiceStack.Text.Core\servicestack.text.core.nuspec
		..\NuGet\ServiceStack.Text\servicestack.text.nuspec = ..\NuGet\ServiceStack.Text\servicestack.text.nuspec
		..\NuGet.Signed\ServiceStack.Text.Signed\servicestack.text.signed.nuspec = ..\NuGet.Signed\ServiceStack.Text.Signed\servicestack.text.signed.nuspec
	EndProjectSection
EndProject
Project("{FAE04EC0-301F-11D3-BF4B-00C04F79EFBC}") = "ServiceStack.Text", "ServiceStack.Text\ServiceStack.Text.csproj", "{579B3FDB-CDAD-44E1-8417-885C38E49A0E}"
EndProject
Project("{FAE04EC0-301F-11D3-BF4B-00C04F79EFBC}") = "ServiceStack.Text.Tests", "..\tests\ServiceStack.Text.Tests\ServiceStack.Text.Tests.csproj", "{9770BD40-AA3B-4785-B5E0-F4C470F9F14E}"
EndProject
Project("{FAE04EC0-301F-11D3-BF4B-00C04F79EFBC}") = "ServiceStack.Text.TestsConsole", "..\tests\ServiceStack.Text.TestsConsole\ServiceStack.Text.TestsConsole.csproj", "{DD3BEB33-2509-423A-8545-CE1A83684530}"
EndProject
Global
	GlobalSection(SolutionConfigurationPlatforms) = preSolution
		Debug|Any CPU = Debug|Any CPU
		Debug|ARM = Debug|ARM
		Debug|Mixed Platforms = Debug|Mixed Platforms
		Debug|x64 = Debug|x64
		Debug|x86 = Debug|x86
		Debug|Xbox 360 = Debug|Xbox 360
		Release|Any CPU = Release|Any CPU
		Release|ARM = Release|ARM
		Release|Mixed Platforms = Release|Mixed Platforms
		Release|x64 = Release|x64
		Release|x86 = Release|x86
		Release|Xbox 360 = Release|Xbox 360
		Signed|Any CPU = Signed|Any CPU
		Signed|ARM = Signed|ARM
		Signed|Mixed Platforms = Signed|Mixed Platforms
		Signed|x64 = Signed|x64
		Signed|x86 = Signed|x86
		Signed|Xbox 360 = Signed|Xbox 360
	EndGlobalSection
	GlobalSection(ProjectConfigurationPlatforms) = postSolution
		{579B3FDB-CDAD-44E1-8417-885C38E49A0E}.Debug|Any CPU.ActiveCfg = Debug|Any CPU
		{579B3FDB-CDAD-44E1-8417-885C38E49A0E}.Debug|Any CPU.Build.0 = Debug|Any CPU
		{579B3FDB-CDAD-44E1-8417-885C38E49A0E}.Debug|ARM.ActiveCfg = Debug|Any CPU
		{579B3FDB-CDAD-44E1-8417-885C38E49A0E}.Debug|Mixed Platforms.ActiveCfg = Debug|Any CPU
		{579B3FDB-CDAD-44E1-8417-885C38E49A0E}.Debug|Mixed Platforms.Build.0 = Debug|Any CPU
		{579B3FDB-CDAD-44E1-8417-885C38E49A0E}.Debug|x64.ActiveCfg = Debug|Any CPU
		{579B3FDB-CDAD-44E1-8417-885C38E49A0E}.Debug|x86.ActiveCfg = Debug|Any CPU
		{579B3FDB-CDAD-44E1-8417-885C38E49A0E}.Debug|Xbox 360.ActiveCfg = Debug|Any CPU
		{579B3FDB-CDAD-44E1-8417-885C38E49A0E}.Release|Any CPU.ActiveCfg = Release|Any CPU
		{579B3FDB-CDAD-44E1-8417-885C38E49A0E}.Release|Any CPU.Build.0 = Release|Any CPU
		{579B3FDB-CDAD-44E1-8417-885C38E49A0E}.Release|ARM.ActiveCfg = Release|Any CPU
		{579B3FDB-CDAD-44E1-8417-885C38E49A0E}.Release|Mixed Platforms.ActiveCfg = Release|Any CPU
		{579B3FDB-CDAD-44E1-8417-885C38E49A0E}.Release|Mixed Platforms.Build.0 = Release|Any CPU
		{579B3FDB-CDAD-44E1-8417-885C38E49A0E}.Release|x64.ActiveCfg = Release|Any CPU
		{579B3FDB-CDAD-44E1-8417-885C38E49A0E}.Release|x86.ActiveCfg = Release|Any CPU
		{579B3FDB-CDAD-44E1-8417-885C38E49A0E}.Release|Xbox 360.ActiveCfg = Release|Any CPU
		{579B3FDB-CDAD-44E1-8417-885C38E49A0E}.Signed|Any CPU.ActiveCfg = Release|Any CPU
		{579B3FDB-CDAD-44E1-8417-885C38E49A0E}.Signed|Any CPU.Build.0 = Release|Any CPU
		{579B3FDB-CDAD-44E1-8417-885C38E49A0E}.Signed|ARM.ActiveCfg = Release|Any CPU
		{579B3FDB-CDAD-44E1-8417-885C38E49A0E}.Signed|ARM.Build.0 = Release|Any CPU
		{579B3FDB-CDAD-44E1-8417-885C38E49A0E}.Signed|Mixed Platforms.ActiveCfg = Release|Any CPU
		{579B3FDB-CDAD-44E1-8417-885C38E49A0E}.Signed|Mixed Platforms.Build.0 = Release|Any CPU
		{579B3FDB-CDAD-44E1-8417-885C38E49A0E}.Signed|x64.ActiveCfg = Release|Any CPU
		{579B3FDB-CDAD-44E1-8417-885C38E49A0E}.Signed|x64.Build.0 = Release|Any CPU
		{579B3FDB-CDAD-44E1-8417-885C38E49A0E}.Signed|x86.ActiveCfg = Release|Any CPU
		{579B3FDB-CDAD-44E1-8417-885C38E49A0E}.Signed|x86.Build.0 = Release|Any CPU
		{579B3FDB-CDAD-44E1-8417-885C38E49A0E}.Signed|Xbox 360.ActiveCfg = Release|Any CPU
		{579B3FDB-CDAD-44E1-8417-885C38E49A0E}.Signed|Xbox 360.Build.0 = Release|Any CPU
		{9770BD40-AA3B-4785-B5E0-F4C470F9F14E}.Debug|Any CPU.ActiveCfg = Debug|Any CPU
		{9770BD40-AA3B-4785-B5E0-F4C470F9F14E}.Debug|Any CPU.Build.0 = Debug|Any CPU
		{9770BD40-AA3B-4785-B5E0-F4C470F9F14E}.Debug|ARM.ActiveCfg = Debug|Any CPU
		{9770BD40-AA3B-4785-B5E0-F4C470F9F14E}.Debug|Mixed Platforms.ActiveCfg = Debug|Any CPU
		{9770BD40-AA3B-4785-B5E0-F4C470F9F14E}.Debug|Mixed Platforms.Build.0 = Debug|Any CPU
		{9770BD40-AA3B-4785-B5E0-F4C470F9F14E}.Debug|x64.ActiveCfg = Debug|Any CPU
		{9770BD40-AA3B-4785-B5E0-F4C470F9F14E}.Debug|x86.ActiveCfg = Debug|Any CPU
		{9770BD40-AA3B-4785-B5E0-F4C470F9F14E}.Debug|x86.Build.0 = Debug|Any CPU
		{9770BD40-AA3B-4785-B5E0-F4C470F9F14E}.Debug|Xbox 360.ActiveCfg = Debug|Any CPU
		{9770BD40-AA3B-4785-B5E0-F4C470F9F14E}.Release|Any CPU.ActiveCfg = Release|Any CPU
		{9770BD40-AA3B-4785-B5E0-F4C470F9F14E}.Release|Any CPU.Build.0 = Release|Any CPU
		{9770BD40-AA3B-4785-B5E0-F4C470F9F14E}.Release|ARM.ActiveCfg = Release|Any CPU
		{9770BD40-AA3B-4785-B5E0-F4C470F9F14E}.Release|Mixed Platforms.ActiveCfg = Release|Any CPU
		{9770BD40-AA3B-4785-B5E0-F4C470F9F14E}.Release|Mixed Platforms.Build.0 = Release|Any CPU
		{9770BD40-AA3B-4785-B5E0-F4C470F9F14E}.Release|x64.ActiveCfg = Release|Any CPU
		{9770BD40-AA3B-4785-B5E0-F4C470F9F14E}.Release|x86.ActiveCfg = Release|Any CPU
		{9770BD40-AA3B-4785-B5E0-F4C470F9F14E}.Release|x86.Build.0 = Release|Any CPU
		{9770BD40-AA3B-4785-B5E0-F4C470F9F14E}.Release|Xbox 360.ActiveCfg = Release|Any CPU
		{9770BD40-AA3B-4785-B5E0-F4C470F9F14E}.Signed|Any CPU.ActiveCfg = Release|Any CPU
		{9770BD40-AA3B-4785-B5E0-F4C470F9F14E}.Signed|Any CPU.Build.0 = Release|Any CPU
		{9770BD40-AA3B-4785-B5E0-F4C470F9F14E}.Signed|ARM.ActiveCfg = Release|Any CPU
		{9770BD40-AA3B-4785-B5E0-F4C470F9F14E}.Signed|ARM.Build.0 = Release|Any CPU
		{9770BD40-AA3B-4785-B5E0-F4C470F9F14E}.Signed|Mixed Platforms.ActiveCfg = Release|Any CPU
		{9770BD40-AA3B-4785-B5E0-F4C470F9F14E}.Signed|Mixed Platforms.Build.0 = Release|Any CPU
		{9770BD40-AA3B-4785-B5E0-F4C470F9F14E}.Signed|x64.ActiveCfg = Release|Any CPU
		{9770BD40-AA3B-4785-B5E0-F4C470F9F14E}.Signed|x64.Build.0 = Release|Any CPU
		{9770BD40-AA3B-4785-B5E0-F4C470F9F14E}.Signed|x86.ActiveCfg = Release|Any CPU
		{9770BD40-AA3B-4785-B5E0-F4C470F9F14E}.Signed|x86.Build.0 = Release|Any CPU
		{9770BD40-AA3B-4785-B5E0-F4C470F9F14E}.Signed|Xbox 360.ActiveCfg = Release|Any CPU
		{9770BD40-AA3B-4785-B5E0-F4C470F9F14E}.Signed|Xbox 360.Build.0 = Release|Any CPU
		{DD3BEB33-2509-423A-8545-CE1A83684530}.Debug|Any CPU.ActiveCfg = Debug|Any CPU
		{DD3BEB33-2509-423A-8545-CE1A83684530}.Debug|Any CPU.Build.0 = Debug|Any CPU
		{DD3BEB33-2509-423A-8545-CE1A83684530}.Debug|ARM.ActiveCfg = Debug|Any CPU
		{DD3BEB33-2509-423A-8545-CE1A83684530}.Debug|ARM.Build.0 = Debug|Any CPU
		{DD3BEB33-2509-423A-8545-CE1A83684530}.Debug|Mixed Platforms.ActiveCfg = Debug|Any CPU
		{DD3BEB33-2509-423A-8545-CE1A83684530}.Debug|Mixed Platforms.Build.0 = Debug|Any CPU
		{DD3BEB33-2509-423A-8545-CE1A83684530}.Debug|x64.ActiveCfg = Debug|Any CPU
		{DD3BEB33-2509-423A-8545-CE1A83684530}.Debug|x64.Build.0 = Debug|Any CPU
		{DD3BEB33-2509-423A-8545-CE1A83684530}.Debug|x86.ActiveCfg = Debug|Any CPU
		{DD3BEB33-2509-423A-8545-CE1A83684530}.Debug|x86.Build.0 = Debug|Any CPU
		{DD3BEB33-2509-423A-8545-CE1A83684530}.Debug|Xbox 360.ActiveCfg = Debug|Any CPU
		{DD3BEB33-2509-423A-8545-CE1A83684530}.Debug|Xbox 360.Build.0 = Debug|Any CPU
		{DD3BEB33-2509-423A-8545-CE1A83684530}.Release|Any CPU.ActiveCfg = Release|Any CPU
		{DD3BEB33-2509-423A-8545-CE1A83684530}.Release|Any CPU.Build.0 = Release|Any CPU
		{DD3BEB33-2509-423A-8545-CE1A83684530}.Release|ARM.ActiveCfg = Release|Any CPU
		{DD3BEB33-2509-423A-8545-CE1A83684530}.Release|ARM.Build.0 = Release|Any CPU
		{DD3BEB33-2509-423A-8545-CE1A83684530}.Release|Mixed Platforms.ActiveCfg = Release|Any CPU
		{DD3BEB33-2509-423A-8545-CE1A83684530}.Release|Mixed Platforms.Build.0 = Release|Any CPU
		{DD3BEB33-2509-423A-8545-CE1A83684530}.Release|x64.ActiveCfg = Release|Any CPU
		{DD3BEB33-2509-423A-8545-CE1A83684530}.Release|x64.Build.0 = Release|Any CPU
		{DD3BEB33-2509-423A-8545-CE1A83684530}.Release|x86.ActiveCfg = Release|Any CPU
		{DD3BEB33-2509-423A-8545-CE1A83684530}.Release|x86.Build.0 = Release|Any CPU
		{DD3BEB33-2509-423A-8545-CE1A83684530}.Release|Xbox 360.ActiveCfg = Release|Any CPU
		{DD3BEB33-2509-423A-8545-CE1A83684530}.Release|Xbox 360.Build.0 = Release|Any CPU
		{DD3BEB33-2509-423A-8545-CE1A83684530}.Signed|Any CPU.ActiveCfg = Release|Any CPU
		{DD3BEB33-2509-423A-8545-CE1A83684530}.Signed|Any CPU.Build.0 = Release|Any CPU
		{DD3BEB33-2509-423A-8545-CE1A83684530}.Signed|ARM.ActiveCfg = Release|Any CPU
		{DD3BEB33-2509-423A-8545-CE1A83684530}.Signed|ARM.Build.0 = Release|Any CPU
		{DD3BEB33-2509-423A-8545-CE1A83684530}.Signed|Mixed Platforms.ActiveCfg = Release|Any CPU
		{DD3BEB33-2509-423A-8545-CE1A83684530}.Signed|Mixed Platforms.Build.0 = Release|Any CPU
		{DD3BEB33-2509-423A-8545-CE1A83684530}.Signed|x64.ActiveCfg = Release|Any CPU
		{DD3BEB33-2509-423A-8545-CE1A83684530}.Signed|x64.Build.0 = Release|Any CPU
		{DD3BEB33-2509-423A-8545-CE1A83684530}.Signed|x86.ActiveCfg = Release|Any CPU
		{DD3BEB33-2509-423A-8545-CE1A83684530}.Signed|x86.Build.0 = Release|Any CPU
		{DD3BEB33-2509-423A-8545-CE1A83684530}.Signed|Xbox 360.ActiveCfg = Release|Any CPU
		{DD3BEB33-2509-423A-8545-CE1A83684530}.Signed|Xbox 360.Build.0 = Release|Any CPU
	EndGlobalSection
	GlobalSection(SolutionProperties) = preSolution
		HideSolutionNode = FALSE
	EndGlobalSection
	GlobalSection(MonoDevelopProperties) = preSolution
		StartupItem = ServiceStack.Text\ServiceStack.Text.csproj
		Policies = $0
		$0.DotNetNamingPolicy = $1
		$1.DirectoryNamespaceAssociation = None
		$1.ResourceNamePolicy = FileFormatDefault
		$0.StandardHeader = $2
		$2.IncludeInNewFiles = True
	EndGlobalSection
EndGlobal
